// !$*UTF8*$!
{
	archiveVersion = 1;
	classes = {
	};
	objectVersion = 77;
	objects = {

/* Begin PBXContainerItemProxy section */
		D20050882F0B2ACB003F5A4D /* PBXContainerItemProxy */ = {
			isa = PBXContainerItemProxy;
			containerPortal = D20050722F0B2AC9003F5A4D /* Project object */;
			proxyType = 1;
			remoteGlobalIDString = D20050792F0B2AC9003F5A4D;
			remoteInfo = FocusBar;
		};
		D20050922F0B2ACB003F5A4D /* PBXContainerItemProxy */ = {
			isa = PBXContainerItemProxy;
			containerPortal = D20050722F0B2AC9003F5A4D /* Project object */;
			proxyType = 1;
			remoteGlobalIDString = D20050792F0B2AC9003F5A4D;
			remoteInfo = FocusBar;
		};
/* End PBXContainerItemProxy section */

/* Begin PBXFileReference section */
		D200507A2F0B2AC9003F5A4D /* FocusBar.app */ = {isa = PBXFileReference; explicitFileType = wrapper.application; includeInIndex = 0; path = FocusBar.app; sourceTree = BUILT_PRODUCTS_DIR; };
		D20050872F0B2ACB003F5A4D /* FocusBarTests.xctest */ = {isa = PBXFileReference; explicitFileType = wrapper.cfbundle; includeInIndex = 0; path = FocusBarTests.xctest; sourceTree = BUILT_PRODUCTS_DIR; };
		D20050912F0B2ACB003F5A4D /* FocusBarUITests.xctest */ = {isa = PBXFileReference; explicitFileType = wrapper.cfbundle; includeInIndex = 0; path = FocusBarUITests.xctest; sourceTree = BUILT_PRODUCTS_DIR; };
/* End PBXFileReference section */

/* Begin PBXFileSystemSynchronizedBuildFileExceptionSet section */
		D20050AA2F0B2CCA003F5A4D /* Exceptions for "FocusBar" folder in "FocusBar" target */ = {
			isa = PBXFileSystemSynchronizedBuildFileExceptionSet;
			membershipExceptions = (
				Info.plist,
			);
			target = D20050792F0B2AC9003F5A4D /* FocusBar */;
		};
/* End PBXFileSystemSynchronizedBuildFileExceptionSet section */

/* Begin PBXFileSystemSynchronizedRootGroup section */
		D200507C2F0B2AC9003F5A4D /* FocusBar */ = {
			isa = PBXFileSystemSynchronizedRootGroup;
			exceptions = (
				D20050AA2F0B2CCA003F5A4D /* Exceptions for "FocusBar" folder in "FocusBar" target */,
			);
			path = FocusBar;
			sourceTree = "<group>";
		};
		D200508A2F0B2ACB003F5A4D /* FocusBarTests */ = {
			isa = PBXFileSystemSynchronizedRootGroup;
			path = FocusBarTests;
			sourceTree = "<group>";
		};
		D20050942F0B2ACB003F5A4D /* FocusBarUITests */ = {
			isa = PBXFileSystemSynchronizedRootGroup;
			path = FocusBarUITests;
			sourceTree = "<group>";
		};
/* End PBXFileSystemSynchronizedRootGroup section */

/* Begin PBXFrameworksBuildPhase section */
		D20050772F0B2AC9003F5A4D /* Frameworks */ = {
			isa = PBXFrameworksBuildPhase;
			buildActionMask = 2147483647;
			files = (
			);
			runOnlyForDeploymentPostprocessing = 0;
		};
		D20050842F0B2ACB003F5A4D /* Frameworks */ = {
			isa = PBXFrameworksBuildPhase;
			buildActionMask = 2147483647;
			files = (
			);
			runOnlyForDeploymentPostprocessing = 0;
		};
		D200508E2F0B2ACB003F5A4D /* Frameworks */ = {
			isa = PBXFrameworksBuildPhase;
			buildActionMask = 2147483647;
			files = (
			);
			runOnlyForDeploymentPostprocessing = 0;
		};
/* End PBXFrameworksBuildPhase section */

/* Begin PBXGroup section */
		D20050712F0B2AC9003F5A4D = {
			isa = PBXGroup;
			children = (
				D200507C2F0B2AC9003F5A4D /* FocusBar */,
				D200508A2F0B2ACB003F5A4D /* FocusBarTests */,
				D20050942F0B2ACB003F5A4D /* FocusBarUITests */,
				D200507B2F0B2AC9003F5A4D /* Products */,
			);
			sourceTree = "<group>";
		};
		D200507B2F0B2AC9003F5A4D /* Products */ = {
			isa = PBXGroup;
			children = (
				D200507A2F0B2AC9003F5A4D /* FocusBar.app */,
				D20050872F0B2ACB003F5A4D /* FocusBarTests.xctest */,
				D20050912F0B2ACB003F5A4D /* FocusBarUITests.xctest */,
			);
			name = Products;
			sourceTree = "<group>";
		};
/* End PBXGroup section */

/* Begin PBXNativeTarget section */
		D20050792F0B2AC9003F5A4D /* FocusBar */ = {
			isa = PBXNativeTarget;
			buildConfigurationList = D200509B2F0B2ACB003F5A4D /* Build configuration list for PBXNativeTarget "FocusBar" */;
			buildPhases = (
				D20050762F0B2AC9003F5A4D /* Sources */,
				D20050772F0B2AC9003F5A4D /* Frameworks */,
				D20050782F0B2AC9003F5A4D /* Resources */,
			);
			buildRules = (
			);
			dependencies = (
			);
			fileSystemSynchronizedGroups = (
				D200507C2F0B2AC9003F5A4D /* FocusBar */,
			);
			name = FocusBar;
			packageProductDependencies = (
			);
			productName = FocusBar;
			productReference = D200507A2F0B2AC9003F5A4D /* FocusBar.app */;
			productType = "com.apple.product-type.application";
		};
		D20050862F0B2ACB003F5A4D /* FocusBarTests */ = {
			isa = PBXNativeTarget;
			buildConfigurationList = D200509E2F0B2ACB003F5A4D /* Build configuration list for PBXNativeTarget "FocusBarTests" */;
			buildPhases = (
				D20050832F0B2ACB003F5A4D /* Sources */,
				D20050842F0B2ACB003F5A4D /* Frameworks */,
				D20050852F0B2ACB003F5A4D /* Resources */,
			);
			buildRules = (
			);
			dependencies = (
				D20050892F0B2ACB003F5A4D /* PBXTargetDependency */,
			);
			fileSystemSynchronizedGroups = (
				D200508A2F0B2ACB003F5A4D /* FocusBarTests */,
			);
			name = FocusBarTests;
			packageProductDependencies = (
			);
			productName = FocusBarTests;
			productReference = D20050872F0B2ACB003F5A4D /* FocusBarTests.xctest */;
			productType = "com.apple.product-type.bundle.unit-test";
		};
		D20050902F0B2ACB003F5A4D /* FocusBarUITests */ = {
			isa = PBXNativeTarget;
			buildConfigurationList = D20050A12F0B2ACB003F5A4D /* Build configuration list for PBXNativeTarget "FocusBarUITests" */;
			buildPhases = (
				D200508D2F0B2ACB003F5A4D /* Sources */,
				D200508E2F0B2ACB003F5A4D /* Frameworks */,
				D200508F2F0B2ACB003F5A4D /* Resources */,
			);
			buildRules = (
			);
			dependencies = (
				D20050932F0B2ACB003F5A4D /* PBXTargetDependency */,
			);
			fileSystemSynchronizedGroups = (
				D20050942F0B2ACB003F5A4D /* FocusBarUITests */,
			);
			name = FocusBarUITests;
			packageProductDependencies = (
			);
			productName = FocusBarUITests;
			productReference = D20050912F0B2ACB003F5A4D /* FocusBarUITests.xctest */;
			productType = "com.apple.product-type.bundle.ui-testing";
		};
/* End PBXNativeTarget section */

/* Begin PBXProject section */
		D20050722F0B2AC9003F5A4D /* Project object */ = {
			isa = PBXProject;
			attributes = {
				BuildIndependentTargetsInParallel = 1;
				LastSwiftUpdateCheck = 2610;
				LastUpgradeCheck = 2610;
				TargetAttributes = {
					D20050792F0B2AC9003F5A4D = {
						CreatedOnToolsVersion = 26.1.1;
					};
					D20050862F0B2ACB003F5A4D = {
						CreatedOnToolsVersion = 26.1.1;
						TestTargetID = D20050792F0B2AC9003F5A4D;
					};
					D20050902F0B2ACB003F5A4D = {
						CreatedOnToolsVersion = 26.1.1;
						TestTargetID = D20050792F0B2AC9003F5A4D;
					};
				};
			};
			buildConfigurationList = D20050752F0B2AC9003F5A4D /* Build configuration list for PBXProject "FocusBar" */;
			developmentRegion = en;
			hasScannedForEncodings = 0;
			knownRegions = (
				en,
				Base,
			);
			mainGroup = D20050712F0B2AC9003F5A4D;
			minimizedProjectReferenceProxies = 1;
			preferredProjectObjectVersion = 77;
			productRefGroup = D200507B2F0B2AC9003F5A4D /* Products */;
			projectDirPath = "";
			projectRoot = "";
			targets = (
				D20050792F0B2AC9003F5A4D /* FocusBar */,
				D20050862F0B2ACB003F5A4D /* FocusBarTests */,
				D20050902F0B2ACB003F5A4D /* FocusBarUITests */,
			);
		};
/* End PBXProject section */

/* Begin PBXResourcesBuildPhase section */
		D20050782F0B2AC9003F5A4D /* Resources */ = {
			isa = PBXResourcesBuildPhase;
			buildActionMask = 2147483647;
			files = (
			);
			runOnlyForDeploymentPostprocessing = 0;
		};
		D20050852F0B2ACB003F5A4D /* Resources */ = {
			isa = PBXResourcesBuildPhase;
			buildActionMask = 2147483647;
			files = (
			);
			runOnlyForDeploymentPostprocessing = 0;
		};
		D200508F2F0B2ACB003F5A4D /* Resources */ = {
			isa = PBXResourcesBuildPhase;
			buildActionMask = 2147483647;
			files = (
			);
			runOnlyForDeploymentPostprocessing = 0;
		};
/* End PBXResourcesBuildPhase section */

/* Begin PBXSourcesBuildPhase section */
		D20050762F0B2AC9003F5A4D /* Sources */ = {
			isa = PBXSourcesBuildPhase;
			buildActionMask = 2147483647;
			files = (
			);
			runOnlyForDeploymentPostprocessing = 0;
		};
		D20050832F0B2ACB003F5A4D /* Sources */ = {
			isa = PBXSourcesBuildPhase;
			buildActionMask = 2147483647;
			files = (
			);
			runOnlyForDeploymentPostprocessing = 0;
		};
		D200508D2F0B2ACB003F5A4D /* Sources */ = {
			isa = PBXSourcesBuildPhase;
			buildActionMask = 2147483647;
			files = (
			);
			runOnlyForDeploymentPostprocessing = 0;
		};
/* End PBXSourcesBuildPhase section */

/* Begin PBXTargetDependency section */
		D20050892F0B2ACB003F5A4D /* PBXTargetDependency */ = {
			isa = PBXTargetDependency;
			target = D20050792F0B2AC9003F5A4D /* FocusBar */;
			targetProxy = D20050882F0B2ACB003F5A4D /* PBXContainerItemProxy */;
		};
		D20050932F0B2ACB003F5A4D /* PBXTargetDependency */ = {
			isa = PBXTargetDependency;
			target = D20050792F0B2AC9003F5A4D /* FocusBar */;
			targetProxy = D20050922F0B2ACB003F5A4D /* PBXContainerItemProxy */;
		};
/* End PBXTargetDependency section */

/* Begin XCBuildConfiguration section */
		D20050992F0B2ACB003F5A4D /* Debug */ = {
			isa = XCBuildConfiguration;
			buildSettings = {
				ALWAYS_SEARCH_USER_PATHS = NO;
				ASSETCATALOG_COMPILER_GENERATE_SWIFT_ASSET_SYMBOL_EXTENSIONS = YES;
				CLANG_ANALYZER_NONNULL = YES;
				CLANG_ANALYZER_NUMBER_OBJECT_CONVERSION = YES_AGGRESSIVE;
				CLANG_CXX_LANGUAGE_STANDARD = "gnu++20";
				CLANG_ENABLE_MODULES = YES;
				CLANG_ENABLE_OBJC_ARC = YES;
				CLANG_ENABLE_OBJC_WEAK = YES;
				CLANG_WARN_BLOCK_CAPTURE_AUTORELEASING = YES;
				CLANG_WARN_BOOL_CONVERSION = YES;
				CLANG_WARN_COMMA = YES;
				CLANG_WARN_CONSTANT_CONVERSION = YES;
				CLANG_WARN_DEPRECATED_OBJC_IMPLEMENTATIONS = YES;
				CLANG_WARN_DIRECT_OBJC_ISA_USAGE = YES_ERROR;
				CLANG_WARN_DOCUMENTATION_COMMENTS = YES;
				CLANG_WARN_EMPTY_BODY = YES;
				CLANG_WARN_ENUM_CONVERSION = YES;
				CLANG_WARN_INFINITE_RECURSION = YES;
				CLANG_WARN_INT_CONVERSION = YES;
				CLANG_WARN_NON_LITERAL_NULL_CONVERSION = YES;
				CLANG_WARN_OBJC_IMPLICIT_RETAIN_SELF = YES;
				CLANG_WARN_OBJC_LITERAL_CONVERSION = YES;
				CLANG_WARN_OBJC_ROOT_CLASS = YES_ERROR;
				CLANG_WARN_QUOTED_INCLUDE_IN_FRAMEWORK_HEADER = YES;
				CLANG_WARN_RANGE_LOOP_ANALYSIS = YES;
				CLANG_WARN_STRICT_PROTOTYPES = YES;
				CLANG_WARN_SUSPICIOUS_MOVE = YES;
				CLANG_WARN_UNGUARDED_AVAILABILITY = YES_AGGRESSIVE;
				CLANG_WARN_UNREACHABLE_CODE = YES;
				CLANG_WARN__DUPLICATE_METHOD_MATCH = YES;
				COPY_PHASE_STRIP = NO;
				DEBUG_INFORMATION_FORMAT = dwarf;
				DEVELOPMENT_TEAM = 93825246XZ;
				ENABLE_STRICT_OBJC_MSGSEND = YES;
				ENABLE_TESTABILITY = YES;
				ENABLE_USER_SCRIPT_SANDBOXING = YES;
				GCC_C_LANGUAGE_STANDARD = gnu17;
				GCC_DYNAMIC_NO_PIC = NO;
				GCC_NO_COMMON_BLOCKS = YES;
				GCC_OPTIMIZATION_LEVEL = 0;
				GCC_PREPROCESSOR_DEFINITIONS = (
					"DEBUG=1",
					"$(inherited)",
				);
				GCC_WARN_64_TO_32_BIT_CONVERSION = YES;
				GCC_WARN_ABOUT_RETURN_TYPE = YES_ERROR;
				GCC_WARN_UNDECLARED_SELECTOR = YES;
				GCC_WARN_UNINITIALIZED_AUTOS = YES_AGGRESSIVE;
				GCC_WARN_UNUSED_FUNCTION = YES;
				GCC_WARN_UNUSED_VARIABLE = YES;
				LOCALIZATION_PREFERS_STRING_CATALOGS = YES;
				MACOSX_DEPLOYMENT_TARGET = 26.1;
				MTL_ENABLE_DEBUG_INFO = INCLUDE_SOURCE;
				MTL_FAST_MATH = YES;
				ONLY_ACTIVE_ARCH = YES;
				SDKROOT = macosx;
				SWIFT_ACTIVE_COMPILATION_CONDITIONS = "DEBUG $(inherited)";
				SWIFT_OPTIMIZATION_LEVEL = "-Onone";
			};
			name = Debug;
		};
		D200509A2F0B2ACB003F5A4D /* Release */ = {
			isa = XCBuildConfiguration;
			buildSettings = {
				ALWAYS_SEARCH_USER_PATHS = NO;
				ASSETCATALOG_COMPILER_GENERATE_SWIFT_ASSET_SYMBOL_EXTENSIONS = YES;
				CLANG_ANALYZER_NONNULL = YES;
				CLANG_ANALYZER_NUMBER_OBJECT_CONVERSION = YES_AGGRESSIVE;
				CLANG_CXX_LANGUAGE_STANDARD = "gnu++20";
				CLANG_ENABLE_MODULES = YES;
				CLANG_ENABLE_OBJC_ARC = YES;
				CLANG_ENABLE_OBJC_WEAK = YES;
				CLANG_WARN_BLOCK_CAPTURE_AUTORELEASING = YES;
				CLANG_WARN_BOOL_CONVERSION = YES;
				CLANG_WARN_COMMA = YES;
				CLANG_WARN_CONSTANT_CONVERSION = YES;
				CLANG_WARN_DEPRECATED_OBJC_IMPLEMENTATIONS = YES;
				CLANG_WARN_DIRECT_OBJC_ISA_USAGE = YES_ERROR;
				CLANG_WARN_DOCUMENTATION_COMMENTS = YES;
				CLANG_WARN_EMPTY_BODY = YES;
				CLANG_WARN_ENUM_CONVERSION = YES;
				CLANG_WARN_INFINITE_RECURSION = YES;
				CLANG_WARN_INT_CONVERSION = YES;
				CLANG_WARN_NON_LITERAL_NULL_CONVERSION = YES;
				CLANG_WARN_OBJC_IMPLICIT_RETAIN_SELF = YES;
				CLANG_WARN_OBJC_LITERAL_CONVERSION = YES;
				CLANG_WARN_OBJC_ROOT_CLASS = YES_ERROR;
				CLANG_WARN_QUOTED_INCLUDE_IN_FRAMEWORK_HEADER = YES;
				CLANG_WARN_RANGE_LOOP_ANALYSIS = YES;
				CLANG_WARN_STRICT_PROTOTYPES = YES;
				CLANG_WARN_SUSPICIOUS_MOVE = YES;
				CLANG_WARN_UNGUARDED_AVAILABILITY = YES_AGGRESSIVE;
				CLANG_WARN_UNREACHABLE_CODE = YES;
				CLANG_WARN__DUPLICATE_METHOD_MATCH = YES;
				COPY_PHASE_STRIP = NO;
				DEBUG_INFORMATION_FORMAT = "dwarf-with-dsym";
				DEVELOPMENT_TEAM = 93825246XZ;
				ENABLE_NS_ASSERTIONS = NO;
				ENABLE_STRICT_OBJC_MSGSEND = YES;
				ENABLE_USER_SCRIPT_SANDBOXING = YES;
				GCC_C_LANGUAGE_STANDARD = gnu17;
				GCC_NO_COMMON_BLOCKS = YES;
				GCC_WARN_64_TO_32_BIT_CONVERSION = YES;
				GCC_WARN_ABOUT_RETURN_TYPE = YES_ERROR;
				GCC_WARN_UNDECLARED_SELECTOR = YES;
				GCC_WARN_UNINITIALIZED_AUTOS = YES_AGGRESSIVE;
				GCC_WARN_UNUSED_FUNCTION = YES;
				GCC_WARN_UNUSED_VARIABLE = YES;
				LOCALIZATION_PREFERS_STRING_CATALOGS = YES;
				MACOSX_DEPLOYMENT_TARGET = 26.1;
				MTL_ENABLE_DEBUG_INFO = NO;
				MTL_FAST_MATH = YES;
				SDKROOT = macosx;
				SWIFT_COMPILATION_MODE = wholemodule;
			};
			name = Release;
		};
		D200509C2F0B2ACB003F5A4D /* Debug */ = {
			isa = XCBuildConfiguration;
			buildSettings = {
				ASSETCATALOG_COMPILER_APPICON_NAME = AppIcon;
				ASSETCATALOG_COMPILER_GLOBAL_ACCENT_COLOR_NAME = AccentColor;
				CODE_SIGN_STYLE = Automatic;
				COMBINE_HIDPI_IMAGES = YES;
				CURRENT_PROJECT_VERSION = 1;
				DEVELOPMENT_TEAM = 93825246XZ;
				ENABLE_APP_SANDBOX = YES;
				ENABLE_HARDENED_RUNTIME = YES;
				ENABLE_PREVIEWS = YES;
				ENABLE_USER_SELECTED_FILES = readonly;
				GENERATE_INFOPLIST_FILE = YES;
				INFOPLIST_FILE = FocusBar/Info.plist;
				INFOPLIST_KEY_NSHumanReadableCopyright = "";
				LD_RUNPATH_SEARCH_PATHS = (
					"$(inherited)",
					"@executable_path/../Frameworks",
				);
				MARKETING_VERSION = 1.0;
				PRODUCT_BUNDLE_IDENTIFIER = "Nicola-Tomassini.FocusBar";
				PRODUCT_NAME = "$(TARGET_NAME)";
				REGISTER_APP_GROUPS = YES;
				STRING_CATALOG_GENERATE_SYMBOLS = YES;
				SWIFT_APPROACHABLE_CONCURRENCY = YES;
				SWIFT_DEFAULT_ACTOR_ISOLATION = MainActor;
				SWIFT_EMIT_LOC_STRINGS = YES;
				SWIFT_UPCOMING_FEATURE_MEMBER_IMPORT_VISIBILITY = YES;
				SWIFT_VERSION = 5.0;
			};
			name = Debug;
		};
		D200509D2F0B2ACB003F5A4D /* Release */ = {
			isa = XCBuildConfiguration;
			buildSettings = {
				ASSETCATALOG_COMPILER_APPICON_NAME = AppIcon;
				ASSETCATALOG_COMPILER_GLOBAL_ACCENT_COLOR_NAME = AccentColor;
				CODE_SIGN_STYLE = Automatic;
				COMBINE_HIDPI_IMAGES = YES;
				CURRENT_PROJECT_VERSION = 1;
				DEVELOPMENT_TEAM = 93825246XZ;
				ENABLE_APP_SANDBOX = YES;
				ENABLE_HARDENED_RUNTIME = YES;
				ENABLE_PREVIEWS = YES;
				ENABLE_USER_SELECTED_FILES = readonly;
				GENERATE_INFOPLIST_FILE = YES;
				INFOPLIST_FILE = FocusBar/Info.plist;
				INFOPLIST_KEY_NSHumanReadableCopyright = "";
				LD_RUNPATH_SEARCH_PATHS = (
					"$(inherited)",
					"@executable_path/../Frameworks",
				);
				MARKETING_VERSION = 1.0;
				PRODUCT_BUNDLE_IDENTIFIER = "Nicola-Tomassini.FocusBar";
				PRODUCT_NAME = "$(TARGET_NAME)";
				REGISTER_APP_GROUPS = YES;
				STRING_CATALOG_GENERATE_SYMBOLS = YES;
				SWIFT_APPROACHABLE_CONCURRENCY = YES;
				SWIFT_DEFAULT_ACTOR_ISOLATION = MainActor;
				SWIFT_EMIT_LOC_STRINGS = YES;
				SWIFT_UPCOMING_FEATURE_MEMBER_IMPORT_VISIBILITY = YES;
				SWIFT_VERSION = 5.0;
			};
			name = Release;
		};
		D200509F2F0B2ACB003F5A4D /* Debug */ = {
			isa = XCBuildConfiguration;
			buildSettings = {
				BUNDLE_LOADER = "$(TEST_HOST)";
				CODE_SIGN_STYLE = Automatic;
				CURRENT_PROJECT_VERSION = 1;
				DEVELOPMENT_TEAM = 93825246XZ;
				GENERATE_INFOPLIST_FILE = YES;
				MACOSX_DEPLOYMENT_TARGET = 26.1;
				MARKETING_VERSION = 1.0;
				PRODUCT_BUNDLE_IDENTIFIER = "Nicola-Tomassini.FocusBarTests";
				PRODUCT_NAME = "$(TARGET_NAME)";
				STRING_CATALOG_GENERATE_SYMBOLS = NO;
				SWIFT_APPROACHABLE_CONCURRENCY = YES;
				SWIFT_EMIT_LOC_STRINGS = NO;
				SWIFT_UPCOMING_FEATURE_MEMBER_IMPORT_VISIBILITY = YES;
				SWIFT_VERSION = 5.0;
				TEST_HOST = "$(BUILT_PRODUCTS_DIR)/FocusBar.app/$(BUNDLE_EXECUTABLE_FOLDER_PATH)/FocusBar";
			};
			name = Debug;
		};
		D20050A02F0B2ACB003F5A4D /* Release */ = {
			isa = XCBuildConfiguration;
			buildSettings = {
				BUNDLE_LOADER = "$(TEST_HOST)";
				CODE_SIGN_STYLE = Automatic;
				CURRENT_PROJECT_VERSION = 1;
				DEVELOPMENT_TEAM = 93825246XZ;
				GENERATE_INFOPLIST_FILE = YES;
				MACOSX_DEPLOYMENT_TARGET = 26.1;
				MARKETING_VERSION = 1.0;
				PRODUCT_BUNDLE_IDENTIFIER = "Nicola-Tomassini.FocusBarTests";
				PRODUCT_NAME = "$(TARGET_NAME)";
				STRING_CATALOG_GENERATE_SYMBOLS = NO;
				SWIFT_APPROACHABLE_CONCURRENCY = YES;
				SWIFT_EMIT_LOC_STRINGS = NO;
				SWIFT_UPCOMING_FEATURE_MEMBER_IMPORT_VISIBILITY = YES;
				SWIFT_VERSION = 5.0;
				TEST_HOST = "$(BUILT_PRODUCTS_DIR)/FocusBar.app/$(BUNDLE_EXECUTABLE_FOLDER_PATH)/FocusBar";
			};
			name = Release;
		};
		D20050A22F0B2ACB003F5A4D /* Debug */ = {
			isa = XCBuildConfiguration;
			buildSettings = {
				CODE_SIGN_STYLE = Automatic;
				CURRENT_PROJECT_VERSION = 1;
				DEVELOPMENT_TEAM = 93825246XZ;
				GENERATE_INFOPLIST_FILE = YES;
				MARKETING_VERSION = 1.0;
				PRODUCT_BUNDLE_IDENTIFIER = "Nicola-Tomassini.FocusBarUITests";
				PRODUCT_NAME = "$(TARGET_NAME)";
				STRING_CATALOG_GENERATE_SYMBOLS = NO;
				SWIFT_APPROACHABLE_CONCURRENCY = YES;
				SWIFT_EMIT_LOC_STRINGS = NO;
				SWIFT_UPCOMING_FEATURE_MEMBER_IMPORT_VISIBILITY = YES;
				SWIFT_VERSION = 5.0;
				TEST_TARGET_NAME = FocusBar;
			};
			name = Debug;
		};
		D20050A32F0B2ACB003F5A4D /* Release */ = {
			isa = XCBuildConfiguration;
			buildSettings = {
				CODE_SIGN_STYLE = Automatic;
				CURRENT_PROJECT_VERSION = 1;
				DEVELOPMENT_TEAM = 93825246XZ;
				GENERATE_INFOPLIST_FILE = YES;
				MARKETING_VERSION = 1.0;
				PRODUCT_BUNDLE_IDENTIFIER = "Nicola-Tomassini.FocusBarUITests";
				PRODUCT_NAME = "$(TARGET_NAME)";
				STRING_CATALOG_GENERATE_SYMBOLS = NO;
				SWIFT_APPROACHABLE_CONCURRENCY = YES;
				SWIFT_EMIT_LOC_STRINGS = NO;
				SWIFT_UPCOMING_FEATURE_MEMBER_IMPORT_VISIBILITY = YES;
				SWIFT_VERSION = 5.0;
				TEST_TARGET_NAME = FocusBar;
			};
			name = Release;
		};
/* End XCBuildConfiguration section */

/* Begin XCConfigurationList section */
		D20050752F0B2AC9003F5A4D /* Build configuration list for PBXProject "FocusBar" */ = {
			isa = XCConfigurationList;
			buildConfigurations = (
				D20050992F0B2ACB003F5A4D /* Debug */,
				D200509A2F0B2ACB003F5A4D /* Release */,
			);
			defaultConfigurationIsVisible = 0;
			defaultConfigurationName = Release;
		};
		D200509B2F0B2ACB003F5A4D /* Build configuration list for PBXNativeTarget "FocusBar" */ = {
			isa = XCConfigurationList;
			buildConfigurations = (
				D200509C2F0B2ACB003F5A4D /* Debug */,
				D200509D2F0B2ACB003F5A4D /* Release */,
			);
			defaultConfigurationIsVisible = 0;
			defaultConfigurationName = Release;
		};
		D200509E2F0B2ACB003F5A4D /* Build configuration list for PBXNativeTarget "FocusBarTests" */ = {
			isa = XCConfigurationList;
			buildConfigurations = (
				D200509F2F0B2ACB003F5A4D /* Debug */,
				D20050A02F0B2ACB003F5A4D /* Release */,
			);
			defaultConfigurationIsVisible = 0;
			defaultConfigurationName = Release;
		};
		D20050A12F0B2ACB003F5A4D /* Build configuration list for PBXNativeTarget "FocusBarUITests" */ = {
			isa = XCConfigurationList;
			buildConfigurations = (
				D20050A22F0B2ACB003F5A4D /* Debug */,
				D20050A32F0B2ACB003F5A4D /* Release */,
			);
			defaultConfigurationIsVisible = 0;
			defaultConfigurationName = Release;
		};
/* End XCConfigurationList section */
	};
	rootObject = D20050722F0B2AC9003F5A4D /* Project object */;
}
